
Microsoft Visual Studio Solution File, Format Version 12.00
# Visual Studio Version 16
VisualStudioVersion = 16.0.32106.194
MinimumVisualStudioVersion = 10.0.40219.1
Project("{FAE04EC0-301F-11D3-BF4B-00C04F79EFBC}") = "SingletonPattern", "SingletonPattern\SingletonPattern.csproj", "{87F71AE1-F141-49C5-A2A5-9E1E8D4A6F47}"
EndProject
Global
	GlobalSection(SolutionConfigurationPlatforms) = preSolution
		Debug|Any CPU = Debug|Any CPU
		Release|Any CPU = Release|Any CPU
	EndGlobalSection
	GlobalSection(ProjectConfigurationPlatforms) = postSolution
		{87F71AE1-F141-49C5-A2A5-9E1E8D4A6F47}.Debug|Any CPU.ActiveCfg = Debug|Any CPU
		{87F71AE1-F141-49C5-A2A5-9E1E8D4A6F47}.Debug|Any CPU.Build.0 = Debug|Any CPU
		{87F71AE1-F141-49C5-A2A5-9E1E8D4A6F47}.Release|Any CPU.ActiveCfg = Release|Any CPU
		{87F71AE1-F141-49C5-A2A5-9E1E8D4A6F47}.Release|Any CPU.Build.0 = Release|Any CPU
	EndGlobalSection
	GlobalSection(SolutionProperties) = preSolution
		HideSolutionNode = FALSE
	EndGlobalSection
	GlobalSection(ExtensibilityGlobals) = postSolution
		SolutionGuid = {C0FD20C0-1390-4C39-ACB9-F9D8114D0F57}
	EndGlobalSection
EndGlobal
